
Microsoft Visual Studio Solution File, Format Version 12.00
# Visual Studio Version 17
VisualStudioVersion = 17.11.35312.102
MinimumVisualStudioVersion = 10.0.40219.1
Project("{FAE04EC0-301F-11D3-BF4B-00C04F79EFBC}") = "gyak2", "gyak2\gyak2.csproj", "{2A7E2B86-805F-4F35-B17E-8ABA4CEED76F}"
EndProject
Global
	GlobalSection(SolutionConfigurationPlatforms) = preSolution
		Debug|Any CPU = Debug|Any CPU
		Release|Any CPU = Release|Any CPU
	EndGlobalSection
	GlobalSection(ProjectConfigurationPlatforms) = postSolution
		{2A7E2B86-805F-4F35-B17E-8ABA4CEED76F}.Debug|Any CPU.ActiveCfg = Debug|Any CPU
		{2A7E2B86-805F-4F35-B17E-8ABA4CEED76F}.Debug|Any CPU.Build.0 = Debug|Any CPU
		{2A7E2B86-805F-4F35-B17E-8ABA4CEED76F}.Release|Any CPU.ActiveCfg = Release|Any CPU
		{2A7E2B86-805F-4F35-B17E-8ABA4CEED76F}.Release|Any CPU.Build.0 = Release|Any CPU
	EndGlobalSection
	GlobalSection(SolutionProperties) = preSolution
		HideSolutionNode = FALSE
	EndGlobalSection
	GlobalSection(ExtensibilityGlobals) = postSolution
		SolutionGuid = {C7F1DD81-AF0C-4839-9CC1-7C59D689B9EE}
	EndGlobalSection
EndGlobal
